
Microsoft Visual Studio Solution File, Format Version 12.00
# Visual Studio 14
VisualStudioVersion = 14.0.25420.1
MinimumVisualStudioVersion = 10.0.40219.1
Project("{FAE04EC0-301F-11D3-BF4B-00C04F79EFBC}") = "Core", "Core\Core.csproj", "{76FDBD0F-E694-4FD8-9376-185FFDA4E231}"
EndProject
Project("{FAE04EC0-301F-11D3-BF4B-00C04F79EFBC}") = "Core Tests", "Core Tests\Core Tests.csproj", "{A88ECAA7-A710-4A54-917A-745131A77943}"
EndProject
Project("{2150E333-8FDC-42A3-9474-1A3956D46DE8}") = "Solution Items", "Solution Items", "{411308E9-F820-47A1-8EEA-0738116ED722}"
	ProjectSection(SolutionItems) = preProject
		.gitignore = .gitignore
		appveyor.yml = appveyor.yml
		LICENSE = LICENSE
		README.md = README.md
	EndProjectSection
EndProject
Global
	GlobalSection(SolutionConfigurationPlatforms) = preSolution
		Debug|Any CPU = Debug|Any CPU
		Release|Any CPU = Release|Any CPU
	EndGlobalSection
	GlobalSection(ProjectConfigurationPlatforms) = postSolution
		{76FDBD0F-E694-4FD8-9376-185FFDA4E231}.Debug|Any CPU.ActiveCfg = Debug|Any CPU
		{76FDBD0F-E694-4FD8-9376-185FFDA4E231}.Debug|Any CPU.Build.0 = Debug|Any CPU
		{76FDBD0F-E694-4FD8-9376-185FFDA4E231}.Release|Any CPU.ActiveCfg = Release|Any CPU
		{76FDBD0F-E694-4FD8-9376-185FFDA4E231}.Release|Any CPU.Build.0 = Release|Any CPU
		{A88ECAA7-A710-4A54-917A-745131A77943}.Debug|Any CPU.ActiveCfg = Debug|Any CPU
		{A88ECAA7-A710-4A54-917A-745131A77943}.Debug|Any CPU.Build.0 = Debug|Any CPU
		{A88ECAA7-A710-4A54-917A-745131A77943}.Release|Any CPU.ActiveCfg = Release|Any CPU
		{A88ECAA7-A710-4A54-917A-745131A77943}.Release|Any CPU.Build.0 = Release|Any CPU
	EndGlobalSection
	GlobalSection(SolutionProperties) = preSolution
		HideSolutionNode = FALSE
	EndGlobalSection
EndGlobal
